# This file is generated by running "yarn install" inside your project.
# Manual changes might be lost - proceed with caution!

__metadata:
  version: 6
  cacheKey: 8

"@newline-ds/foundation@workspace:^, @newline-ds/foundation@workspace:packages/foundation":
  version: 0.0.0-use.local
  resolution: "@newline-ds/foundation@workspace:packages/foundation"
  dependencies:
    typescript: ^5.2.2
  languageName: unknown
  linkType: soft

"@newline-ds/react@workspace:^, @newline-ds/react@workspace:packages/react":
  version: 0.0.0-use.local
  resolution: "@newline-ds/react@workspace:packages/react"
  dependencies:
    "@newline-ds/foundation": "workspace:^"
    typescript: ^5.2.2
  languageName: unknown
  linkType: soft

"@newline-ds/storybook@workspace:packages/storybook":
  version: 0.0.0-use.local
  resolution: "@newline-ds/storybook@workspace:packages/storybook"
  dependencies:
    "@newline-ds/foundation": "workspace:^"
    "@newline-ds/react": "workspace:^"
    typescript: ^5.2.2
  languageName: unknown
  linkType: soft

"storybook-design-system@workspace:.":
  version: 0.0.0-use.local
  resolution: "storybook-design-system@workspace:."
  dependencies:
    typescript: 4.7.2
  languageName: unknown
  linkType: soft

"typescript@npm:4.7.2":
  version: 4.7.2
  resolution: "typescript@npm:4.7.2"
  bin:
    tsc: bin/tsc
    tsserver: bin/tsserver
  checksum: 5163585e6b56410f77d5483b698d9489bbee8902c99029eb70cf6d21525a186530ce19a00951af84eefd4a131cc51d0959f5118e25e70ab61f45ac4057dbd1ef
  languageName: node
  linkType: hard

"typescript@npm:^5.2.2":
  version: 5.2.2
  resolution: "typescript@npm:5.2.2"
  bin:
    tsc: bin/tsc
    tsserver: bin/tsserver
  checksum: 7912821dac4d962d315c36800fe387cdc0a6298dba7ec171b350b4a6e988b51d7b8f051317786db1094bd7431d526b648aba7da8236607febb26cf5b871d2d3c
  languageName: node
  linkType: hard

"typescript@patch:typescript@4.7.2#~builtin<compat/typescript>":
  version: 4.7.2
  resolution: "typescript@patch:typescript@npm%3A4.7.2#~builtin<compat/typescript>::version=4.7.2&hash=65a307"
  bin:
    tsc: bin/tsc
    tsserver: bin/tsserver
  checksum: 7e2b9a9f4a70fb7616f1b0d986977f8e34a74f046202fa7f24fdee79589598277810fa216b3776c20c0683a9235872c73be34fdb93f67f98c1efaca40999422f
  languageName: node
  linkType: hard

"typescript@patch:typescript@^5.2.2#~builtin<compat/typescript>":
  version: 5.2.2
  resolution: "typescript@patch:typescript@npm%3A5.2.2#~builtin<compat/typescript>::version=5.2.2&hash=f3b441"
  bin:
    tsc: bin/tsc
    tsserver: bin/tsserver
  checksum: 0f4da2f15e6f1245e49db15801dbee52f2bbfb267e1c39225afdab5afee1a72839cd86000e65ee9d7e4dfaff12239d28beaf5ee431357fcced15fb08583d72ca
  languageName: node
  linkType: hard
